
Microsoft Visual Studio Solution File, Format Version 12.00
# Visual Studio Version 16
VisualStudioVersion = 16.0.29306.81
MinimumVisualStudioVersion = 10.0.40219.1
Project("{FAE04EC0-301F-11D3-BF4B-00C04F79EFBC}") = "MoustacheApp", "MoustacheApp.csproj", "{6E6DE8BD-C4BD-4474-BA13-94308C2A5D89}"
EndProject
Global
	GlobalSection(SolutionConfigurationPlatforms) = preSolution
		Debug|Any CPU = Debug|Any CPU
		Release|Any CPU = Release|Any CPU
	EndGlobalSection
	GlobalSection(ProjectConfigurationPlatforms) = postSolution
		{6E6DE8BD-C4BD-4474-BA13-94308C2A5D89}.Debug|Any CPU.ActiveCfg = Debug|Any CPU
		{6E6DE8BD-C4BD-4474-BA13-94308C2A5D89}.Debug|Any CPU.Build.0 = Debug|Any CPU
		{6E6DE8BD-C4BD-4474-BA13-94308C2A5D89}.Release|Any CPU.ActiveCfg = Release|Any CPU
		{6E6DE8BD-C4BD-4474-BA13-94308C2A5D89}.Release|Any CPU.Build.0 = Release|Any CPU
	EndGlobalSection
	GlobalSection(SolutionProperties) = preSolution
		HideSolutionNode = FALSE
	EndGlobalSection
	GlobalSection(ExtensibilityGlobals) = postSolution
		SolutionGuid = {4027BA9B-2E07-4E25-92D7-24107B7DB264}
	EndGlobalSection
EndGlobal
